{
  "version": 4,
  "terraform_version": "0.13.5",
  "serial": 732,
  "lineage": "e9059fef-6e71-bf6f-95de-32e5ade8d3c5",
  "outputs": {
    "master_ipv4": {
      "value": [
        [
          "168.119.238.196"
        ]
      ],
      "type": [
        "tuple",
        [
          [
            "tuple",
            [
              "string"
            ]
          ]
        ]
      ]
    },
    "worker_ipv4": {
      "value": [
        [
          "168.119.238.166"
        ]
      ],
      "type": [
        "tuple",
        [
          [
            "tuple",
            [
              "string"
            ]
          ]
        ]
      ]
    }
  },
  "resources": [
    {
      "mode": "data",
      "type": "hcloud_ssh_key",
      "name": "default",
      "provider": "provider[\"registry.terraform.io/hetznercloud/hcloud\"]",
      "instances": [
        {
          "schema_version": 0,
          "attributes": {
            "fingerprint": "91:ab:60:6d:c2:52:24:f5:4f:4b:49:b6:12:b2:25:19",
            "id": 1709150,
            "labels": {},
            "name": "ningu@Master",
            "public_key": "ssh-rsa AAAAB3NzaC1yc2EAAAADAQABAAACAQC4bRV3xH/ryWBGtohW9Eqf1uH6aIGHB2RBXEiAId+hOMzUJ6WAShgymtZw7P89ej3zYI5LdE9eXywRuUGJiqanpW0HnNQsMGMulUPdPGm7CJ5hYjNSmVVQLs7UkXj2iJWQxSxOyYOzlupvDlfsMUgMKEw8tr/ei+Twj2wuQJXsh2TPs1+J6dzhxSXGDVRWrQPSduni7+1nTkoUY2cBTciUc4/QWjP1jCN085Xjtf2xaUKmhIhoSfKQGdrurCBl/Jl5LmS6BOEEIB57nKmBzR46g8cqGtpiPzuSl7FNyrBANtvCbZauHtG9kORwqE1SGxGbsznXs7t7nrV/yG5/F8UYVJYllRYkgVvkKRR8rwkxjjPTUzqT3/9lnUelqN0tSh9hVW+/yw+1G9iSs/UKUMsqozLj1H0Q90XZe1wfzyzP11+o08MKZivZrzCcrsG4T/gQC9Na1sT/EP8NrU1gPv3LuE16y3z1CBs4qWlXxSMwgF9mmg4A8ur6BnmJjt8QMeGApC1C77WmuRhbA0JIX9b5oMbFNAQO6AkDLHVDlpAPxC4Fvi5EtK3F6lt+oBmIiXU1kxrYw2Uv2/bxZqJRkcuBo8HK7TXYryWmSkJFl+ZXxGq0LZzkmBmYmT1FJUp3H4pBdfcE1yXjsicwSrNR0HuPBpscjU1y5oxtniPVO9LXgQ== ningu@Master",
            "selector": null,
            "with_selector": null
          }
        }
      ]
    },
    {
      "mode": "managed",
      "type": "hcloud_load_balancer",
      "name": "load-balancer",
      "provider": "provider[\"registry.terraform.io/hetznercloud/hcloud\"]",
      "instances": [
        {
          "schema_version": 0,
          "attributes": {
            "algorithm": [
              {
                "type": "round_robin"
              }
            ],
            "id": "153816",
            "ipv4": "167.233.13.105",
            "ipv6": "2a01:4f8:1c1d:6c1::1",
            "labels": {},
            "load_balancer_type": "lb11",
            "location": "nbg1",
            "name": "cka-lb",
            "network_id": null,
            "network_ip": null,
            "network_zone": "eu-central",
            "target": []
          },
          "private": "bnVsbA==",
          "dependencies": [
            "hcloud_network.vpc",
            "hcloud_server.nodes",
            "hcloud_server_network.serv-network-m"
          ]
        }
      ]
    },
    {
      "mode": "managed",
      "type": "hcloud_load_balancer_network",
      "name": "lb-net",
      "provider": "provider[\"registry.terraform.io/hetznercloud/hcloud\"]",
      "instances": [
        {
          "schema_version": 0,
          "attributes": {
            "enable_public_interface": true,
            "id": "153816-966044",
            "ip": "10.0.0.2",
            "load_balancer_id": 153816,
            "network_id": 966044,
            "subnet_id": null
          },
          "private": "bnVsbA==",
          "dependencies": [
            "hcloud_load_balancer.load-balancer",
            "hcloud_network.vpc",
            "hcloud_server.nodes",
            "hcloud_server_network.serv-network-m"
          ]
        }
      ]
    },
    {
      "mode": "managed",
      "type": "hcloud_load_balancer_target",
      "name": "lb-target",
      "provider": "provider[\"registry.terraform.io/hetznercloud/hcloud\"]",
      "instances": [
        {
          "index_key": 0,
          "schema_version": 0,
          "attributes": {
            "id": "lb-srv-tgt-8962727-153816",
            "ip": null,
            "label_selector": null,
            "load_balancer_id": 153816,
            "server_id": 8962727,
            "type": "server",
            "use_private_ip": true
          },
          "private": "bnVsbA==",
          "dependencies": [
            "hcloud_load_balancer.load-balancer",
            "hcloud_network.vpc",
            "hcloud_server.nodes",
            "hcloud_server_network.serv-network-m"
          ]
        }
      ]
    },
    {
      "mode": "managed",
      "type": "hcloud_network",
      "name": "vpc",
      "provider": "provider[\"registry.terraform.io/hetznercloud/hcloud\"]",
      "instances": [
        {
          "schema_version": 0,
          "attributes": {
            "id": "966044",
            "ip_range": "10.0.0.0/19",
            "labels": null,
            "name": "my-net"
          },
          "private": "bnVsbA=="
        }
      ]
    },
    {
      "mode": "managed",
      "type": "hcloud_network_subnet",
      "name": "nodes-subnet",
      "provider": "provider[\"registry.terraform.io/hetznercloud/hcloud\"]",
      "instances": [
        {
          "schema_version": 0,
          "attributes": {
            "gateway": "10.0.0.1",
            "id": "966044-10.0.0.0/24",
            "ip_range": "10.0.0.0/24",
            "network_id": 966044,
            "network_zone": "eu-central",
            "type": "cloud",
            "vswitch_id": null
          },
          "private": "bnVsbA==",
          "dependencies": [
            "hcloud_network.vpc"
          ]
        }
      ]
    },
    {
      "mode": "managed",
      "type": "hcloud_server",
      "name": "nodes",
      "provider": "provider[\"registry.terraform.io/hetznercloud/hcloud\"]",
      "instances": [
        {
          "index_key": 0,
          "schema_version": 0,
          "attributes": {
            "backup_window": "",
            "backups": false,
            "datacenter": "nbg1-dc3",
            "id": "8962727",
            "image": "fedora-32",
            "ipv4_address": "168.119.238.196",
            "ipv6_address": "2a01:4f8:1c0c:60ca::1",
            "ipv6_network": "2a01:4f8:1c0c:60ca::/64",
            "iso": null,
            "keep_disk": false,
            "labels": null,
            "location": "nbg1",
            "name": "master0",
            "rescue": null,
            "server_type": "cx11",
            "ssh_keys": [
              "ningu@Master",
              "ningunpenk@hotmail.com"
            ],
            "status": "running",
            "user_data": "zsb38djWsXHRb0Ojib9uX17SwEE="
          },
          "private": "bnVsbA=="
        }
      ]
    },
    {
      "mode": "managed",
      "type": "hcloud_server",
      "name": "nodesw",
      "provider": "provider[\"registry.terraform.io/hetznercloud/hcloud\"]",
      "instances": [
        {
          "index_key": 0,
          "schema_version": 0,
          "attributes": {
            "backup_window": "",
            "backups": false,
            "datacenter": "nbg1-dc3",
            "id": "8962726",
            "image": "fedora-32",
            "ipv4_address": "168.119.238.166",
            "ipv6_address": "2a01:4f8:1c0c:60f6::1",
            "ipv6_network": "2a01:4f8:1c0c:60f6::/64",
            "iso": null,
            "keep_disk": false,
            "labels": null,
            "location": "nbg1",
            "name": "worker0",
            "rescue": null,
            "server_type": "cx11",
            "ssh_keys": [
              "ningu@Master",
              "ningunpenk@hotmail.com"
            ],
            "status": "running",
            "user_data": "H3DOORw24a8wxIyXuJQe97pXgC4="
          },
          "private": "bnVsbA=="
        }
      ]
    },
    {
      "mode": "managed",
      "type": "hcloud_server_network",
      "name": "serv-network-m",
      "provider": "provider[\"registry.terraform.io/hetznercloud/hcloud\"]",
      "instances": [
        {
          "index_key": 0,
          "schema_version": 0,
          "attributes": {
            "alias_ips": null,
            "id": "8962727-966044",
            "ip": "10.0.0.10",
            "mac_address": "86:00:00:84:89:ec",
            "network_id": 966044,
            "server_id": 8962727,
            "subnet_id": null
          },
          "private": "bnVsbA==",
          "dependencies": [
            "hcloud_network.vpc",
            "hcloud_server.nodes"
          ]
        }
      ]
    },
    {
      "mode": "managed",
      "type": "hcloud_server_network",
      "name": "serv-network-s",
      "provider": "provider[\"registry.terraform.io/hetznercloud/hcloud\"]",
      "instances": [
        {
          "index_key": 0,
          "schema_version": 0,
          "attributes": {
            "alias_ips": null,
            "id": "8962726-966044",
            "ip": "10.0.0.20",
            "mac_address": "86:00:00:84:89:ee",
            "network_id": 966044,
            "server_id": 8962726,
            "subnet_id": null
          },
          "private": "bnVsbA==",
          "dependencies": [
            "hcloud_network.vpc",
            "hcloud_server.nodesw"
          ]
        }
      ]
    }
  ]
}
