{
  "version": 4,
  "terraform_version": "0.13.5",
  "serial": 30,
  "lineage": "2fb7839b-8cc3-6095-8e40-4130ef2c2b03",
  "outputs": {},
  "resources": [
    {
      "mode": "data",
      "type": "hcloud_load_balancer",
      "name": "lb",
      "provider": "provider[\"registry.terraform.io/hetznercloud/hcloud\"]",
      "instances": [
        {
          "schema_version": 0,
          "attributes": {
            "algorithm": [
              {
                "type": "round_robin"
              }
            ],
            "id": 156223,
            "ipv4": "167.233.12.89",
            "ipv6": "2a01:4f8:1c1d:56b::1",
            "labels": {},
            "load_balancer_type": "lb11",
            "location": "nbg1",
            "name": "cka-lb",
            "network_zone": "eu-central",
            "service": null,
            "target": [
              {
                "label_selector": "",
                "server_id": 8996939,
                "type": "server"
              }
            ],
            "with_selector": null
          }
        }
      ]
    },
    {
      "mode": "managed",
      "type": "hcloud_load_balancer_service",
      "name": "serv",
      "provider": "provider[\"registry.terraform.io/hetznercloud/hcloud\"]",
      "instances": [
        {
          "schema_version": 0,
          "attributes": {
            "destination_port": 6443,
            "health_check": [
              {
                "http": [
                  {
                    "domain": "kubernetes.default.svc.cluster.local",
                    "path": "/healthz",
                    "response": "",
                    "status_codes": [
                      "200"
                    ],
                    "tls": false
                  }
                ],
                "interval": 15,
                "port": 80,
                "protocol": "http",
                "retries": 3,
                "timeout": 10
              }
            ],
            "http": null,
            "id": "156223__6443",
            "listen_port": 6443,
            "load_balancer_id": "156223",
            "protocol": "tcp",
            "proxyprotocol": false
          },
          "private": "bnVsbA==",
          "dependencies": [
            "data.hcloud_load_balancer.lb"
          ]
        }
      ]
    }
  ]
}
